{
  "name": "minicode-98",
  "version": "1.0.0",
  "lockfileVersion": 1,
  "requires": true,
  "dependencies": {
    "@babel/runtime": {
      "version": "7.16.3",
      "resolved": "https://registry.npmjs.org/@babel/runtime/-/runtime-7.16.3.tgz",
      "integrity": "sha512-WBwekcqacdY2e9AF/Q7WLFUWmdJGJTkbjqTjoMDgXkVZ3ZRUvOPsLb5KdwISoQVsbP+DQzVZW4Zhci0DvpbNTQ==",
      "requires": {
        "regenerator-runtime": "^0.13.4"
      }
    },
    "@types/acorn": {
      "version": "4.0.6",
      "resolved": "https://registry.npmjs.org/@types/acorn/-/acorn-4.0.6.tgz",
      "integrity": "sha512-veQTnWP+1D/xbxVrPC3zHnCZRjSrKfhbMUlEA43iMZLu7EsnTtkJklIuwrCPbOi8YkvDQAiW05VQQFvvz9oieQ==",
      "requires": {
        "@types/estree": "*"
      }
    },
    "@types/estree": {
      "version": "0.0.41",
      "resolved": "https://registry.npmjs.org/@types/estree/-/estree-0.0.41.tgz",
      "integrity": "sha512-rIAmXyJlqw4KEBO7+u9gxZZSQHaCNnIzYrnNmYVpgfJhxTqO0brCX0SYpqUTkVI5mwwUwzmtspLBGBKroMeynA=="
    },
    "acorn": {
      "version": "7.4.1",
      "resolved": "https://registry.npmjs.org/acorn/-/acorn-7.4.1.tgz",
      "integrity": "sha512-nQyp0o1/mNdbTO1PO6kHkwSrmgZ0MT/jCCpNiwbUjGoRN4dlBhqJtoQuCnEOKzgTVwg0ZWiCoQy6SxMebQVh8A=="
    },
    "eval5": {
      "version": "1.4.7",
      "resolved": "https://registry.npmjs.org/eval5/-/eval5-1.4.7.tgz",
      "integrity": "sha512-GtNl5TyxeIE1VkZ8p4vgzeLkdh7UEn9qzLnSIh/aXKYiJc31i1tNGB0CZhPaXReIZIE59xTV39IsAdWY7P93UA==",
      "requires": {
        "@babel/runtime": "^7.8.4",
        "@types/acorn": "^4.0.5",
        "@types/estree": "0.0.41",
        "acorn": "^7.1.0"
      }
    },
    "fast-deep-equal": {
      "version": "2.0.1",
      "resolved": "https://registry.npm.taobao.org/fast-deep-equal/download/fast-deep-equal-2.0.1.tgz?cache=0&sync_timestamp=1591599604098&other_urls=https%3A%2F%2Fregistry.npm.taobao.org%2Ffast-deep-equal%2Fdownload%2Ffast-deep-equal-2.0.1.tgz",
      "integrity": "sha1-ewUhjd+WZ79/Nwv3/bLLFf3Qqkk="
    },
    "js-chacha20": {
      "version": "1.1.0",
      "resolved": "https://registry.npmjs.org/js-chacha20/-/js-chacha20-1.1.0.tgz",
      "integrity": "sha1-apK1OTymXZnrh3IEw3TPWrnESiE="
    },
    "miniprogram-computed": {
      "version": "4.1.1",
      "resolved": "https://registry.npmjs.org/miniprogram-computed/-/miniprogram-computed-4.1.1.tgz",
      "integrity": "sha512-K+2HbwMRMirnCOywMPQ5ag8BWMrPWyvWoloQ5bi0LMK8693EXMclrvSnTahR6HBGStuGrITcLktY7gj7oF2FFA==",
      "requires": {
        "fast-deep-equal": "^2.0.1",
        "rfdc": "^1.1.4"
      }
    },
    "mobx-miniprogram": {
      "version": "4.13.2",
      "resolved": "http://r.tnpm.oa.com/mobx-miniprogram/download/mobx-miniprogram-4.13.2.tgz",
      "integrity": "sha1-tywD/VrR8bkCLEIvnIikfR5fiGg="
    },
    "mobx-miniprogram-bindings": {
      "version": "1.2.1",
      "resolved": "http://r.tnpm.oa.com/mobx-miniprogram-bindings/download/mobx-miniprogram-bindings-1.2.1.tgz",
      "integrity": "sha1-mWwFY7p0LrWDXZcr0+9FqZr4SBE="
    },
    "regenerator-runtime": {
      "version": "0.13.9",
      "resolved": "https://registry.npmjs.org/regenerator-runtime/-/regenerator-runtime-0.13.9.tgz",
      "integrity": "sha512-p3VT+cOEgxFsRRA9X4lkI1E+k2/CtnKtU4gcxyaCUreilL/vqI6CdZ3wxVUx3UOUg+gnUOQQcRI7BmSI656MYA=="
    },
    "rfdc": {
      "version": "1.1.4",
      "resolved": "https://registry.npm.taobao.org/rfdc/download/rfdc-1.1.4.tgz",
      "integrity": "sha1-unLME2egzNnPgahws7WL060H+MI="
    }
  }
}
